
Microsoft Visual Studio Solution File, Format Version 12.00
# Visual Studio Version 17
VisualStudioVersion = 17.13.35828.75
MinimumVisualStudioVersion = 10.0.40219.1
Project("{FAE04EC0-301F-11D3-BF4B-00C04F79EFBC}") = "HelloWorld", "HelloWorld\HelloWorld.csproj", "{F5524350-A7F5-4BCE-B3A2-28AED6EEA134}"
EndProject
Global
	GlobalSection(SolutionConfigurationPlatforms) = preSolution
		Debug|Any CPU = Debug|Any CPU
		Release|Any CPU = Release|Any CPU
	EndGlobalSection
	GlobalSection(ProjectConfigurationPlatforms) = postSolution
		{F5524350-A7F5-4BCE-B3A2-28AED6EEA134}.Debug|Any CPU.ActiveCfg = Debug|Any CPU
		{F5524350-A7F5-4BCE-B3A2-28AED6EEA134}.Debug|Any CPU.Build.0 = Debug|Any CPU
		{F5524350-A7F5-4BCE-B3A2-28AED6EEA134}.Release|Any CPU.ActiveCfg = Release|Any CPU
		{F5524350-A7F5-4BCE-B3A2-28AED6EEA134}.Release|Any CPU.Build.0 = Release|Any CPU
	EndGlobalSection
	GlobalSection(SolutionProperties) = preSolution
		HideSolutionNode = FALSE
	EndGlobalSection
	GlobalSection(ExtensibilityGlobals) = postSolution
		SolutionGuid = {53B0CFF2-0967-47D2-8530-FD11737E3772}
	EndGlobalSection
EndGlobal
